// !$*UTF8*$!
{
	archiveVersion = 1;
	classes = {
	};
	objectVersion = 52;
	objects = {

/* Begin PBXBuildFile section */
		B70E94C523C04CC900AC7C0E /* loggedFood.swift in Sources */ = {isa = PBXBuildFile; fileRef = B70E94C423C04CC900AC7C0E /* loggedFood.swift */; };
		B70E94F723C534FF00AC7C0E /* NetworkHelper in Frameworks */ = {isa = PBXBuildFile; productRef = B70E94F623C534FF00AC7C0E /* NetworkHelper */; };
		B73206E323B5612700F68110 /* AppDelegate.swift in Sources */ = {isa = PBXBuildFile; fileRef = B73206E223B5612700F68110 /* AppDelegate.swift */; };
		B73206E523B5612700F68110 /* SceneDelegate.swift in Sources */ = {isa = PBXBuildFile; fileRef = B73206E423B5612700F68110 /* SceneDelegate.swift */; };
		B73206E723B5612700F68110 /* MainViewController.swift in Sources */ = {isa = PBXBuildFile; fileRef = B73206E623B5612700F68110 /* MainViewController.swift */; };
		B73206EA23B5612700F68110 /* Main.storyboard in Resources */ = {isa = PBXBuildFile; fileRef = B73206E823B5612700F68110 /* Main.storyboard */; };
		B73206EC23B5612C00F68110 /* Assets.xcassets in Resources */ = {isa = PBXBuildFile; fileRef = B73206EB23B5612C00F68110 /* Assets.xcassets */; };
		B73206EF23B5612C00F68110 /* LaunchScreen.storyboard in Resources */ = {isa = PBXBuildFile; fileRef = B73206ED23B5612C00F68110 /* LaunchScreen.storyboard */; };
		B73206FD23B57AE200F68110 /* Food.swift in Sources */ = {isa = PBXBuildFile; fileRef = B73206FC23B57AE200F68110 /* Food.swift */; };
		B73206FF23B57C7D00F68110 /* FoodAPI.swift in Sources */ = {isa = PBXBuildFile; fileRef = B73206FE23B57C7D00F68110 /* FoodAPI.swift */; };
		B732070223B5854700F68110 /* Secrets.swift in Sources */ = {isa = PBXBuildFile; fileRef = B732070123B5854700F68110 /* Secrets.swift */; };
		B732070A23B5A28000F68110 /* NutritionTests.swift in Sources */ = {isa = PBXBuildFile; fileRef = B732070923B5A28000F68110 /* NutritionTests.swift */; };
		B732071323B5C12D00F68110 /* SearchViewController.swift in Sources */ = {isa = PBXBuildFile; fileRef = B732071223B5C12D00F68110 /* SearchViewController.swift */; };
		B74A25E123B6BE990067CD7B /* FoodInfo.swift in Sources */ = {isa = PBXBuildFile; fileRef = B74A25E023B6BE990067CD7B /* FoodInfo.swift */; };
		B74A25E323B6CA110067CD7B /* DetailViewController.swift in Sources */ = {isa = PBXBuildFile; fileRef = B74A25E223B6CA110067CD7B /* DetailViewController.swift */; };
		B74A25E523B713570067CD7B /* AddedFood.swift in Sources */ = {isa = PBXBuildFile; fileRef = B74A25E423B713570067CD7B /* AddedFood.swift */; };
		B74A25E723B716120067CD7B /* NewItemViewController.swift in Sources */ = {isa = PBXBuildFile; fileRef = B74A25E623B716120067CD7B /* NewItemViewController.swift */; };
		B74A25EA23BA23C00067CD7B /* Alerts.swift in Sources */ = {isa = PBXBuildFile; fileRef = B74A25E923BA23C00067CD7B /* Alerts.swift */; };
		B74A25EC23BA2B650067CD7B /* FoodCell.swift in Sources */ = {isa = PBXBuildFile; fileRef = B74A25EB23BA2B650067CD7B /* FoodCell.swift */; };
		B74A25EE23BCF3A10067CD7B /* MealLogViewController.swift in Sources */ = {isa = PBXBuildFile; fileRef = B74A25ED23BCF3A10067CD7B /* MealLogViewController.swift */; };
/* End PBXBuildFile section */

/* Begin PBXContainerItemProxy section */
		B732070C23B5A28000F68110 /* PBXContainerItemProxy */ = {
			isa = PBXContainerItemProxy;
			containerPortal = B73206D723B5612700F68110 /* Project object */;
			proxyType = 1;
			remoteGlobalIDString = B73206DE23B5612700F68110;
			remoteInfo = Nutrition;
		};
/* End PBXContainerItemProxy section */

/* Begin PBXFileReference section */
		B70E94C423C04CC900AC7C0E /* loggedFood.swift */ = {isa = PBXFileReference; lastKnownFileType = sourcecode.swift; path = loggedFood.swift; sourceTree = "<group>"; };
		B73206DF23B5612700F68110 /* Nutrition.app */ = {isa = PBXFileReference; explicitFileType = wrapper.application; includeInIndex = 0; path = Nutrition.app; sourceTree = BUILT_PRODUCTS_DIR; };
		B73206E223B5612700F68110 /* AppDelegate.swift */ = {isa = PBXFileReference; lastKnownFileType = sourcecode.swift; path = AppDelegate.swift; sourceTree = "<group>"; };
		B73206E423B5612700F68110 /* SceneDelegate.swift */ = {isa = PBXFileReference; lastKnownFileType = sourcecode.swift; path = SceneDelegate.swift; sourceTree = "<group>"; };
		B73206E623B5612700F68110 /* MainViewController.swift */ = {isa = PBXFileReference; lastKnownFileType = sourcecode.swift; path = MainViewController.swift; sourceTree = "<group>"; };
		B73206E923B5612700F68110 /* Base */ = {isa = PBXFileReference; lastKnownFileType = file.storyboard; name = Base; path = Base.lproj/Main.storyboard; sourceTree = "<group>"; };
		B73206EB23B5612C00F68110 /* Assets.xcassets */ = {isa = PBXFileReference; lastKnownFileType = folder.assetcatalog; path = Assets.xcassets; sourceTree = "<group>"; };
		B73206EE23B5612C00F68110 /* Base */ = {isa = PBXFileReference; lastKnownFileType = file.storyboard; name = Base; path = Base.lproj/LaunchScreen.storyboard; sourceTree = "<group>"; };
		B73206F023B5612C00F68110 /* Info.plist */ = {isa = PBXFileReference; lastKnownFileType = text.plist.xml; path = Info.plist; sourceTree = "<group>"; };
		B73206FC23B57AE200F68110 /* Food.swift */ = {isa = PBXFileReference; lastKnownFileType = sourcecode.swift; path = Food.swift; sourceTree = "<group>"; };
		B73206FE23B57C7D00F68110 /* FoodAPI.swift */ = {isa = PBXFileReference; lastKnownFileType = sourcecode.swift; path = FoodAPI.swift; sourceTree = "<group>"; };
		B732070123B5854700F68110 /* Secrets.swift */ = {isa = PBXFileReference; lastKnownFileType = sourcecode.swift; path = Secrets.swift; sourceTree = "<group>"; };
		B732070723B5A28000F68110 /* NutritionTests.xctest */ = {isa = PBXFileReference; explicitFileType = wrapper.cfbundle; includeInIndex = 0; path = NutritionTests.xctest; sourceTree = BUILT_PRODUCTS_DIR; };
		B732070923B5A28000F68110 /* NutritionTests.swift */ = {isa = PBXFileReference; lastKnownFileType = sourcecode.swift; path = NutritionTests.swift; sourceTree = "<group>"; };
		B732070B23B5A28000F68110 /* Info.plist */ = {isa = PBXFileReference; lastKnownFileType = text.plist.xml; path = Info.plist; sourceTree = "<group>"; };
		B732071223B5C12D00F68110 /* SearchViewController.swift */ = {isa = PBXFileReference; lastKnownFileType = sourcecode.swift; path = SearchViewController.swift; sourceTree = "<group>"; };
		B74A25E023B6BE990067CD7B /* FoodInfo.swift */ = {isa = PBXFileReference; lastKnownFileType = sourcecode.swift; path = FoodInfo.swift; sourceTree = "<group>"; };
		B74A25E223B6CA110067CD7B /* DetailViewController.swift */ = {isa = PBXFileReference; lastKnownFileType = sourcecode.swift; path = DetailViewController.swift; sourceTree = "<group>"; };
		B74A25E423B713570067CD7B /* AddedFood.swift */ = {isa = PBXFileReference; lastKnownFileType = sourcecode.swift; path = AddedFood.swift; sourceTree = "<group>"; };
		B74A25E623B716120067CD7B /* NewItemViewController.swift */ = {isa = PBXFileReference; lastKnownFileType = sourcecode.swift; path = NewItemViewController.swift; sourceTree = "<group>"; };
		B74A25E923BA23C00067CD7B /* Alerts.swift */ = {isa = PBXFileReference; lastKnownFileType = sourcecode.swift; path = Alerts.swift; sourceTree = "<group>"; };
		B74A25EB23BA2B650067CD7B /* FoodCell.swift */ = {isa = PBXFileReference; lastKnownFileType = sourcecode.swift; path = FoodCell.swift; sourceTree = "<group>"; };
		B74A25ED23BCF3A10067CD7B /* MealLogViewController.swift */ = {isa = PBXFileReference; lastKnownFileType = sourcecode.swift; path = MealLogViewController.swift; sourceTree = "<group>"; };
/* End PBXFileReference section */

/* Begin PBXFrameworksBuildPhase section */
		B73206DC23B5612700F68110 /* Frameworks */ = {
			isa = PBXFrameworksBuildPhase;
			buildActionMask = 2147483647;
			files = (
				B70E94F723C534FF00AC7C0E /* NetworkHelper in Frameworks */,
			);
			runOnlyForDeploymentPostprocessing = 0;
		};
		B732070423B5A28000F68110 /* Frameworks */ = {
			isa = PBXFrameworksBuildPhase;
			buildActionMask = 2147483647;
			files = (
			);
			runOnlyForDeploymentPostprocessing = 0;
		};
/* End PBXFrameworksBuildPhase section */

/* Begin PBXGroup section */
		B73206D623B5612700F68110 = {
			isa = PBXGroup;
			children = (
				B73206E123B5612700F68110 /* Nutrition */,
				B732070823B5A28000F68110 /* NutritionTests */,
				B73206E023B5612700F68110 /* Products */,
			);
			sourceTree = "<group>";
		};
		B73206E023B5612700F68110 /* Products */ = {
			isa = PBXGroup;
			children = (
				B73206DF23B5612700F68110 /* Nutrition.app */,
				B732070723B5A28000F68110 /* NutritionTests.xctest */,
			);
			name = Products;
			sourceTree = "<group>";
		};
		B73206E123B5612700F68110 /* Nutrition */ = {
			isa = PBXGroup;
			children = (
				B73206E223B5612700F68110 /* AppDelegate.swift */,
				B74A25E823BA23740067CD7B /* Extensions */,
				B732070023B5853300F68110 /* Secrets */,
				B73206F623B5781800F68110 /* Networking */,
				B73206FB23B57ABE00F68110 /* Model */,
				B73206E423B5612700F68110 /* SceneDelegate.swift */,
				B732071123B5BBCB00F68110 /* Controllers */,
				B73206E823B5612700F68110 /* Main.storyboard */,
				B73206EB23B5612C00F68110 /* Assets.xcassets */,
				B73206ED23B5612C00F68110 /* LaunchScreen.storyboard */,
				B73206F023B5612C00F68110 /* Info.plist */,
			);
			path = Nutrition;
			sourceTree = "<group>";
		};
		B73206F623B5781800F68110 /* Networking */ = {
			isa = PBXGroup;
			children = (
				B73206FE23B57C7D00F68110 /* FoodAPI.swift */,
			);
			path = Networking;
			sourceTree = "<group>";
		};
		B73206FB23B57ABE00F68110 /* Model */ = {
			isa = PBXGroup;
			children = (
				B73206FC23B57AE200F68110 /* Food.swift */,
				B74A25E423B713570067CD7B /* AddedFood.swift */,
				B70E94C423C04CC900AC7C0E /* loggedFood.swift */,
				B74A25EB23BA2B650067CD7B /* FoodCell.swift */,
				B74A25E023B6BE990067CD7B /* FoodInfo.swift */,
			);
			path = Model;
			sourceTree = "<group>";
		};
		B732070023B5853300F68110 /* Secrets */ = {
			isa = PBXGroup;
			children = (
				B732070123B5854700F68110 /* Secrets.swift */,
			);
			path = Secrets;
			sourceTree = "<group>";
		};
		B732070823B5A28000F68110 /* NutritionTests */ = {
			isa = PBXGroup;
			children = (
				B732070923B5A28000F68110 /* NutritionTests.swift */,
				B732070B23B5A28000F68110 /* Info.plist */,
			);
			path = NutritionTests;
			sourceTree = "<group>";
		};
		B732071123B5BBCB00F68110 /* Controllers */ = {
			isa = PBXGroup;
			children = (
				B73206E623B5612700F68110 /* MainViewController.swift */,
				B732071223B5C12D00F68110 /* SearchViewController.swift */,
				B74A25E223B6CA110067CD7B /* DetailViewController.swift */,
				B74A25E623B716120067CD7B /* NewItemViewController.swift */,
				B74A25ED23BCF3A10067CD7B /* MealLogViewController.swift */,
			);
			path = Controllers;
			sourceTree = "<group>";
		};
		B74A25E823BA23740067CD7B /* Extensions */ = {
			isa = PBXGroup;
			children = (
				B74A25E923BA23C00067CD7B /* Alerts.swift */,
			);
			path = Extensions;
			sourceTree = "<group>";
		};
/* End PBXGroup section */

/* Begin PBXNativeTarget section */
		B73206DE23B5612700F68110 /* Nutrition */ = {
			isa = PBXNativeTarget;
			buildConfigurationList = B73206F323B5612C00F68110 /* Build configuration list for PBXNativeTarget "Nutrition" */;
			buildPhases = (
				B73206DB23B5612700F68110 /* Sources */,
				B73206DC23B5612700F68110 /* Frameworks */,
				B73206DD23B5612700F68110 /* Resources */,
			);
			buildRules = (
			);
			dependencies = (
			);
			name = Nutrition;
			packageProductDependencies = (
				B70E94F623C534FF00AC7C0E /* NetworkHelper */,
			);
			productName = Nutrition;
			productReference = B73206DF23B5612700F68110 /* Nutrition.app */;
			productType = "com.apple.product-type.application";
		};
		B732070623B5A28000F68110 /* NutritionTests */ = {
			isa = PBXNativeTarget;
			buildConfigurationList = B732070E23B5A28000F68110 /* Build configuration list for PBXNativeTarget "NutritionTests" */;
			buildPhases = (
				B732070323B5A28000F68110 /* Sources */,
				B732070423B5A28000F68110 /* Frameworks */,
				B732070523B5A28000F68110 /* Resources */,
			);
			buildRules = (
			);
			dependencies = (
				B732070D23B5A28000F68110 /* PBXTargetDependency */,
			);
			name = NutritionTests;
			productName = NutritionTests;
			productReference = B732070723B5A28000F68110 /* NutritionTests.xctest */;
			productType = "com.apple.product-type.bundle.unit-test";
		};
/* End PBXNativeTarget section */

/* Begin PBXProject section */
		B73206D723B5612700F68110 /* Project object */ = {
			isa = PBXProject;
			attributes = {
				LastSwiftUpdateCheck = 1120;
				LastUpgradeCheck = 1120;
				ORGANIZATIONNAME = "Amy Alsaydi";
				TargetAttributes = {
					B73206DE23B5612700F68110 = {
						CreatedOnToolsVersion = 11.2;
					};
					B732070623B5A28000F68110 = {
						CreatedOnToolsVersion = 11.2;
						TestTargetID = B73206DE23B5612700F68110;
					};
				};
			};
			buildConfigurationList = B73206DA23B5612700F68110 /* Build configuration list for PBXProject "Nutrition" */;
			compatibilityVersion = "Xcode 9.3";
			developmentRegion = en;
			hasScannedForEncodings = 0;
			knownRegions = (
				en,
				Base,
			);
			mainGroup = B73206D623B5612700F68110;
			packageReferences = (
				B70E94F523C534FF00AC7C0E /* XCRemoteSwiftPackageReference "NetworkHelperSPM" */,
			);
			productRefGroup = B73206E023B5612700F68110 /* Products */;
			projectDirPath = "";
			projectRoot = "";
			targets = (
				B73206DE23B5612700F68110 /* Nutrition */,
				B732070623B5A28000F68110 /* NutritionTests */,
			);
		};
/* End PBXProject section */

/* Begin PBXResourcesBuildPhase section */
		B73206DD23B5612700F68110 /* Resources */ = {
			isa = PBXResourcesBuildPhase;
			buildActionMask = 2147483647;
			files = (
				B73206EF23B5612C00F68110 /* LaunchScreen.storyboard in Resources */,
				B73206EC23B5612C00F68110 /* Assets.xcassets in Resources */,
				B73206EA23B5612700F68110 /* Main.storyboard in Resources */,
			);
			runOnlyForDeploymentPostprocessing = 0;
		};
		B732070523B5A28000F68110 /* Resources */ = {
			isa = PBXResourcesBuildPhase;
			buildActionMask = 2147483647;
			files = (
			);
			runOnlyForDeploymentPostprocessing = 0;
		};
/* End PBXResourcesBuildPhase section */

/* Begin PBXSourcesBuildPhase section */
		B73206DB23B5612700F68110 /* Sources */ = {
			isa = PBXSourcesBuildPhase;
			buildActionMask = 2147483647;
			files = (
				B74A25E323B6CA110067CD7B /* DetailViewController.swift in Sources */,
				B732070223B5854700F68110 /* Secrets.swift in Sources */,
				B73206E723B5612700F68110 /* MainViewController.swift in Sources */,
				B74A25E123B6BE990067CD7B /* FoodInfo.swift in Sources */,
				B732071323B5C12D00F68110 /* SearchViewController.swift in Sources */,
				B74A25EE23BCF3A10067CD7B /* MealLogViewController.swift in Sources */,
				B74A25EC23BA2B650067CD7B /* FoodCell.swift in Sources */,
				B73206E323B5612700F68110 /* AppDelegate.swift in Sources */,
				B74A25E523B713570067CD7B /* AddedFood.swift in Sources */,
				B70E94C523C04CC900AC7C0E /* loggedFood.swift in Sources */,
				B73206FF23B57C7D00F68110 /* FoodAPI.swift in Sources */,
				B73206E523B5612700F68110 /* SceneDelegate.swift in Sources */,
				B73206FD23B57AE200F68110 /* Food.swift in Sources */,
				B74A25EA23BA23C00067CD7B /* Alerts.swift in Sources */,
				B74A25E723B716120067CD7B /* NewItemViewController.swift in Sources */,
			);
			runOnlyForDeploymentPostprocessing = 0;
		};
		B732070323B5A28000F68110 /* Sources */ = {
			isa = PBXSourcesBuildPhase;
			buildActionMask = 2147483647;
			files = (
				B732070A23B5A28000F68110 /* NutritionTests.swift in Sources */,
			);
			runOnlyForDeploymentPostprocessing = 0;
		};
/* End PBXSourcesBuildPhase section */

/* Begin PBXTargetDependency section */
		B732070D23B5A28000F68110 /* PBXTargetDependency */ = {
			isa = PBXTargetDependency;
			target = B73206DE23B5612700F68110 /* Nutrition */;
			targetProxy = B732070C23B5A28000F68110 /* PBXContainerItemProxy */;
		};
/* End PBXTargetDependency section */

/* Begin PBXVariantGroup section */
		B73206E823B5612700F68110 /* Main.storyboard */ = {
			isa = PBXVariantGroup;
			children = (
				B73206E923B5612700F68110 /* Base */,
			);
			name = Main.storyboard;
			sourceTree = "<group>";
		};
		B73206ED23B5612C00F68110 /* LaunchScreen.storyboard */ = {
			isa = PBXVariantGroup;
			children = (
				B73206EE23B5612C00F68110 /* Base */,
			);
			name = LaunchScreen.storyboard;
			sourceTree = "<group>";
		};
/* End PBXVariantGroup section */

/* Begin XCBuildConfiguration section */
		B73206F123B5612C00F68110 /* Debug */ = {
			isa = XCBuildConfiguration;
			buildSettings = {
				ALWAYS_SEARCH_USER_PATHS = NO;
				CLANG_ANALYZER_NONNULL = YES;
				CLANG_ANALYZER_NUMBER_OBJECT_CONVERSION = YES_AGGRESSIVE;
				CLANG_CXX_LANGUAGE_STANDARD = "gnu++14";
				CLANG_CXX_LIBRARY = "libc++";
				CLANG_ENABLE_MODULES = YES;
				CLANG_ENABLE_OBJC_ARC = YES;
				CLANG_ENABLE_OBJC_WEAK = YES;
				CLANG_WARN_BLOCK_CAPTURE_AUTORELEASING = YES;
				CLANG_WARN_BOOL_CONVERSION = YES;
				CLANG_WARN_COMMA = YES;
				CLANG_WARN_CONSTANT_CONVERSION = YES;
				CLANG_WARN_DEPRECATED_OBJC_IMPLEMENTATIONS = YES;
				CLANG_WARN_DIRECT_OBJC_ISA_USAGE = YES_ERROR;
				CLANG_WARN_DOCUMENTATION_COMMENTS = YES;
				CLANG_WARN_EMPTY_BODY = YES;
				CLANG_WARN_ENUM_CONVERSION = YES;
				CLANG_WARN_INFINITE_RECURSION = YES;
				CLANG_WARN_INT_CONVERSION = YES;
				CLANG_WARN_NON_LITERAL_NULL_CONVERSION = YES;
				CLANG_WARN_OBJC_IMPLICIT_RETAIN_SELF = YES;
				CLANG_WARN_OBJC_LITERAL_CONVERSION = YES;
				CLANG_WARN_OBJC_ROOT_CLASS = YES_ERROR;
				CLANG_WARN_RANGE_LOOP_ANALYSIS = YES;
				CLANG_WARN_STRICT_PROTOTYPES = YES;
				CLANG_WARN_SUSPICIOUS_MOVE = YES;
				CLANG_WARN_UNGUARDED_AVAILABILITY = YES_AGGRESSIVE;
				CLANG_WARN_UNREACHABLE_CODE = YES;
				CLANG_WARN__DUPLICATE_METHOD_MATCH = YES;
				COPY_PHASE_STRIP = NO;
				DEBUG_INFORMATION_FORMAT = dwarf;
				ENABLE_STRICT_OBJC_MSGSEND = YES;
				ENABLE_TESTABILITY = YES;
				GCC_C_LANGUAGE_STANDARD = gnu11;
				GCC_DYNAMIC_NO_PIC = NO;
				GCC_NO_COMMON_BLOCKS = YES;
				GCC_OPTIMIZATION_LEVEL = 0;
				GCC_PREPROCESSOR_DEFINITIONS = (
					"DEBUG=1",
					"$(inherited)",
				);
				GCC_WARN_64_TO_32_BIT_CONVERSION = YES;
				GCC_WARN_ABOUT_RETURN_TYPE = YES_ERROR;
				GCC_WARN_UNDECLARED_SELECTOR = YES;
				GCC_WARN_UNINITIALIZED_AUTOS = YES_AGGRESSIVE;
				GCC_WARN_UNUSED_FUNCTION = YES;
				GCC_WARN_UNUSED_VARIABLE = YES;
				IPHONEOS_DEPLOYMENT_TARGET = 13.2;
				MTL_ENABLE_DEBUG_INFO = INCLUDE_SOURCE;
				MTL_FAST_MATH = YES;
				ONLY_ACTIVE_ARCH = YES;
				SDKROOT = iphoneos;
				SWIFT_ACTIVE_COMPILATION_CONDITIONS = DEBUG;
				SWIFT_OPTIMIZATION_LEVEL = "-Onone";
			};
			name = Debug;
		};
		B73206F223B5612C00F68110 /* Release */ = {
			isa = XCBuildConfiguration;
			buildSettings = {
				ALWAYS_SEARCH_USER_PATHS = NO;
				CLANG_ANALYZER_NONNULL = YES;
				CLANG_ANALYZER_NUMBER_OBJECT_CONVERSION = YES_AGGRESSIVE;
				CLANG_CXX_LANGUAGE_STANDARD = "gnu++14";
				CLANG_CXX_LIBRARY = "libc++";
				CLANG_ENABLE_MODULES = YES;
				CLANG_ENABLE_OBJC_ARC = YES;
				CLANG_ENABLE_OBJC_WEAK = YES;
				CLANG_WARN_BLOCK_CAPTURE_AUTORELEASING = YES;
				CLANG_WARN_BOOL_CONVERSION = YES;
				CLANG_WARN_COMMA = YES;
				CLANG_WARN_CONSTANT_CONVERSION = YES;
				CLANG_WARN_DEPRECATED_OBJC_IMPLEMENTATIONS = YES;
				CLANG_WARN_DIRECT_OBJC_ISA_USAGE = YES_ERROR;
				CLANG_WARN_DOCUMENTATION_COMMENTS = YES;
				CLANG_WARN_EMPTY_BODY = YES;
				CLANG_WARN_ENUM_CONVERSION = YES;
				CLANG_WARN_INFINITE_RECURSION = YES;
				CLANG_WARN_INT_CONVERSION = YES;
				CLANG_WARN_NON_LITERAL_NULL_CONVERSION = YES;
				CLANG_WARN_OBJC_IMPLICIT_RETAIN_SELF = YES;
				CLANG_WARN_OBJC_LITERAL_CONVERSION = YES;
				CLANG_WARN_OBJC_ROOT_CLASS = YES_ERROR;
				CLANG_WARN_RANGE_LOOP_ANALYSIS = YES;
				CLANG_WARN_STRICT_PROTOTYPES = YES;
				CLANG_WARN_SUSPICIOUS_MOVE = YES;
				CLANG_WARN_UNGUARDED_AVAILABILITY = YES_AGGRESSIVE;
				CLANG_WARN_UNREACHABLE_CODE = YES;
				CLANG_WARN__DUPLICATE_METHOD_MATCH = YES;
				COPY_PHASE_STRIP = NO;
				DEBUG_INFORMATION_FORMAT = "dwarf-with-dsym";
				ENABLE_NS_ASSERTIONS = NO;
				ENABLE_STRICT_OBJC_MSGSEND = YES;
				GCC_C_LANGUAGE_STANDARD = gnu11;
				GCC_NO_COMMON_BLOCKS = YES;
				GCC_WARN_64_TO_32_BIT_CONVERSION = YES;
				GCC_WARN_ABOUT_RETURN_TYPE = YES_ERROR;
				GCC_WARN_UNDECLARED_SELECTOR = YES;
				GCC_WARN_UNINITIALIZED_AUTOS = YES_AGGRESSIVE;
				GCC_WARN_UNUSED_FUNCTION = YES;
				GCC_WARN_UNUSED_VARIABLE = YES;
				IPHONEOS_DEPLOYMENT_TARGET = 13.2;
				MTL_ENABLE_DEBUG_INFO = NO;
				MTL_FAST_MATH = YES;
				SDKROOT = iphoneos;
				SWIFT_COMPILATION_MODE = wholemodule;
				SWIFT_OPTIMIZATION_LEVEL = "-O";
				VALIDATE_PRODUCT = YES;
			};
			name = Release;
		};
		B73206F423B5612C00F68110 /* Debug */ = {
			isa = XCBuildConfiguration;
			buildSettings = {
				ASSETCATALOG_COMPILER_APPICON_NAME = AppIcon;
				CODE_SIGN_STYLE = Automatic;
				DEVELOPMENT_TEAM = WDT827LK75;
				INFOPLIST_FILE = Nutrition/Info.plist;
				LD_RUNPATH_SEARCH_PATHS = (
					"$(inherited)",
					"@executable_path/Frameworks",
				);
				PRODUCT_BUNDLE_IDENTIFIER = com.Amy.Nutrition;
				PRODUCT_NAME = "$(TARGET_NAME)";
				SWIFT_VERSION = 5.0;
				TARGETED_DEVICE_FAMILY = "1,2";
			};
			name = Debug;
		};
		B73206F523B5612C00F68110 /* Release */ = {
			isa = XCBuildConfiguration;
			buildSettings = {
				ASSETCATALOG_COMPILER_APPICON_NAME = AppIcon;
				CODE_SIGN_STYLE = Automatic;
				DEVELOPMENT_TEAM = WDT827LK75;
				INFOPLIST_FILE = Nutrition/Info.plist;
				LD_RUNPATH_SEARCH_PATHS = (
					"$(inherited)",
					"@executable_path/Frameworks",
				);
				PRODUCT_BUNDLE_IDENTIFIER = com.Amy.Nutrition;
				PRODUCT_NAME = "$(TARGET_NAME)";
				SWIFT_VERSION = 5.0;
				TARGETED_DEVICE_FAMILY = "1,2";
			};
			name = Release;
		};
		B732070F23B5A28000F68110 /* Debug */ = {
			isa = XCBuildConfiguration;
			buildSettings = {
				BUNDLE_LOADER = "$(TEST_HOST)";
				CODE_SIGN_STYLE = Automatic;
				DEVELOPMENT_TEAM = WDT827LK75;
				INFOPLIST_FILE = NutritionTests/Info.plist;
				LD_RUNPATH_SEARCH_PATHS = (
					"$(inherited)",
					"@executable_path/Frameworks",
					"@loader_path/Frameworks",
				);
				PRODUCT_BUNDLE_IDENTIFIER = com.Amy.NutritionTests;
				PRODUCT_NAME = "$(TARGET_NAME)";
				SWIFT_VERSION = 5.0;
				TARGETED_DEVICE_FAMILY = "1,2";
				TEST_HOST = "$(BUILT_PRODUCTS_DIR)/Nutrition.app/Nutrition";
			};
			name = Debug;
		};
		B732071023B5A28000F68110 /* Release */ = {
			isa = XCBuildConfiguration;
			buildSettings = {
				BUNDLE_LOADER = "$(TEST_HOST)";
				CODE_SIGN_STYLE = Automatic;
				DEVELOPMENT_TEAM = WDT827LK75;
				INFOPLIST_FILE = NutritionTests/Info.plist;
				LD_RUNPATH_SEARCH_PATHS = (
					"$(inherited)",
					"@executable_path/Frameworks",
					"@loader_path/Frameworks",
				);
				PRODUCT_BUNDLE_IDENTIFIER = com.Amy.NutritionTests;
				PRODUCT_NAME = "$(TARGET_NAME)";
				SWIFT_VERSION = 5.0;
				TARGETED_DEVICE_FAMILY = "1,2";
				TEST_HOST = "$(BUILT_PRODUCTS_DIR)/Nutrition.app/Nutrition";
			};
			name = Release;
		};
/* End XCBuildConfiguration section */

/* Begin XCConfigurationList section */
		B73206DA23B5612700F68110 /* Build configuration list for PBXProject "Nutrition" */ = {
			isa = XCConfigurationList;
			buildConfigurations = (
				B73206F123B5612C00F68110 /* Debug */,
				B73206F223B5612C00F68110 /* Release */,
			);
			defaultConfigurationIsVisible = 0;
			defaultConfigurationName = Release;
		};
		B73206F323B5612C00F68110 /* Build configuration list for PBXNativeTarget "Nutrition" */ = {
			isa = XCConfigurationList;
			buildConfigurations = (
				B73206F423B5612C00F68110 /* Debug */,
				B73206F523B5612C00F68110 /* Release */,
			);
			defaultConfigurationIsVisible = 0;
			defaultConfigurationName = Release;
		};
		B732070E23B5A28000F68110 /* Build configuration list for PBXNativeTarget "NutritionTests" */ = {
			isa = XCConfigurationList;
			buildConfigurations = (
				B732070F23B5A28000F68110 /* Debug */,
				B732071023B5A28000F68110 /* Release */,
			);
			defaultConfigurationIsVisible = 0;
			defaultConfigurationName = Release;
		};
/* End XCConfigurationList section */

/* Begin XCRemoteSwiftPackageReference section */
		B70E94F523C534FF00AC7C0E /* XCRemoteSwiftPackageReference "NetworkHelperSPM" */ = {
			isa = XCRemoteSwiftPackageReference;
			repositoryURL = "https://github.com/alexpaul/NetworkHelperSPM";
			requirement = {
				kind = upToNextMajorVersion;
				minimumVersion = 1.0.3;
			};
		};
/* End XCRemoteSwiftPackageReference section */

/* Begin XCSwiftPackageProductDependency section */
		B70E94F623C534FF00AC7C0E /* NetworkHelper */ = {
			isa = XCSwiftPackageProductDependency;
			package = B70E94F523C534FF00AC7C0E /* XCRemoteSwiftPackageReference "NetworkHelperSPM" */;
			productName = NetworkHelper;
		};
/* End XCSwiftPackageProductDependency section */
	};
	rootObject = B73206D723B5612700F68110 /* Project object */;
}
